Microsoft Visual Studio Solution File, Format Version 12.00
# Visual Studio Version 17
VisualStudioVersion = 17.5.2.0
MinimumVisualStudioVersion = 10.0.40219.1
Project("{FAE04EC0-301F-11D3-BF4B-00C04F79EFBC}") = "aula_mvc", "aula_mvc.csproj", "{1B35A3AA-CA5D-1F74-E1E6-94E8352846CA}"
EndProject
Global
	GlobalSection(SolutionConfigurationPlatforms) = preSolution
		Debug|Any CPU = Debug|Any CPU
		Release|Any CPU = Release|Any CPU
	EndGlobalSection
	GlobalSection(ProjectConfigurationPlatforms) = postSolution
		{1B35A3AA-CA5D-1F74-E1E6-94E8352846CA}.Debug|Any CPU.ActiveCfg = Debug|Any CPU
		{1B35A3AA-CA5D-1F74-E1E6-94E8352846CA}.Debug|Any CPU.Build.0 = Debug|Any CPU
		{1B35A3AA-CA5D-1F74-E1E6-94E8352846CA}.Release|Any CPU.ActiveCfg = Release|Any CPU
		{1B35A3AA-CA5D-1F74-E1E6-94E8352846CA}.Release|Any CPU.Build.0 = Release|Any CPU
	EndGlobalSection
	GlobalSection(SolutionProperties) = preSolution
		HideSolutionNode = FALSE
	EndGlobalSection
	GlobalSection(ExtensibilityGlobals) = postSolution
		SolutionGuid = {D15DD94C-DE48-4264-A75E-EAA434F6D431}
	EndGlobalSection
EndGlobal
